
Microsoft Visual Studio Solution File, Format Version 12.00
# Visual Studio 2015
Project("{FAE04EC0-301F-11D3-BF4B-00C04F79EFBC}") = "GhostQuest.Plugins", "GhostQuest.Plugins.csproj", "{D132AAC0-C4EF-206F-68A5-DBE97F29DC73}"
EndProject
Project("{FAE04EC0-301F-11D3-BF4B-00C04F79EFBC}") = "GhostQuest", "GhostQuest.csproj", "{53E738B2-B335-1341-0E50-C6F0A315264E}"
EndProject
Project("{FAE04EC0-301F-11D3-BF4B-00C04F79EFBC}") = "GhostQuest.Editor", "GhostQuest.Editor.csproj", "{F66198DF-5B43-5F90-0F71-5186EC7E467C}"
EndProject
Global
	GlobalSection(SolutionConfigurationPlatforms) = preSolution
		Debug|Any CPU = Debug|Any CPU
		Release|Any CPU = Release|Any CPU
	EndGlobalSection
	GlobalSection(ProjectConfigurationPlatforms) = postSolution
		{D132AAC0-C4EF-206F-68A5-DBE97F29DC73}.Debug|Any CPU.ActiveCfg = Debug|Any CPU
		{D132AAC0-C4EF-206F-68A5-DBE97F29DC73}.Debug|Any CPU.Build.0 = Debug|Any CPU
		{D132AAC0-C4EF-206F-68A5-DBE97F29DC73}.Release|Any CPU.ActiveCfg = Release|Any CPU
		{D132AAC0-C4EF-206F-68A5-DBE97F29DC73}.Release|Any CPU.Build.0 = Release|Any CPU
		{53E738B2-B335-1341-0E50-C6F0A315264E}.Debug|Any CPU.ActiveCfg = Debug|Any CPU
		{53E738B2-B335-1341-0E50-C6F0A315264E}.Debug|Any CPU.Build.0 = Debug|Any CPU
		{53E738B2-B335-1341-0E50-C6F0A315264E}.Release|Any CPU.ActiveCfg = Release|Any CPU
		{53E738B2-B335-1341-0E50-C6F0A315264E}.Release|Any CPU.Build.0 = Release|Any CPU
		{F66198DF-5B43-5F90-0F71-5186EC7E467C}.Debug|Any CPU.ActiveCfg = Debug|Any CPU
		{F66198DF-5B43-5F90-0F71-5186EC7E467C}.Debug|Any CPU.Build.0 = Debug|Any CPU
		{F66198DF-5B43-5F90-0F71-5186EC7E467C}.Release|Any CPU.ActiveCfg = Release|Any CPU
		{F66198DF-5B43-5F90-0F71-5186EC7E467C}.Release|Any CPU.Build.0 = Release|Any CPU
	EndGlobalSection
	GlobalSection(SolutionProperties) = preSolution
		HideSolutionNode = FALSE
	EndGlobalSection
EndGlobal
